// !$*UTF8*$!
{
	archiveVersion = 1;
	classes = {
	};
	objectVersion = 46;
	objects = {

/* Begin PBXBuildFile section */
		B2CB11481DAB2FC600150D38 /* AppDelegate.swift in Sources */ = {isa = PBXBuildFile; fileRef = B2CB11471DAB2FC600150D38 /* AppDelegate.swift */; };
		B2CB114A1DAB2FC600150D38 /* ViewController.swift in Sources */ = {isa = PBXBuildFile; fileRef = B2CB11491DAB2FC600150D38 /* ViewController.swift */; };
		B2CB114C1DAB2FC600150D38 /* Assets.xcassets in Resources */ = {isa = PBXBuildFile; fileRef = B2CB114B1DAB2FC600150D38 /* Assets.xcassets */; };
		B2CB114F1DAB2FC600150D38 /* Main.storyboard in Resources */ = {isa = PBXBuildFile; fileRef = B2CB114D1DAB2FC600150D38 /* Main.storyboard */; };
		B2CB115A1DAB2FC600150D38 /* CofeeServerBotTests.swift in Sources */ = {isa = PBXBuildFile; fileRef = B2CB11591DAB2FC600150D38 /* CofeeServerBotTests.swift */; };
		B2CB11651DAB2FC600150D38 /* CofeeServerBotUITests.swift in Sources */ = {isa = PBXBuildFile; fileRef = B2CB11641DAB2FC600150D38 /* CofeeServerBotUITests.swift */; };
/* End PBXBuildFile section */

/* Begin PBXContainerItemProxy section */
		B2CB11561DAB2FC600150D38 /* PBXContainerItemProxy */ = {
			isa = PBXContainerItemProxy;
			containerPortal = B2CB113C1DAB2FC600150D38 /* Project object */;
			proxyType = 1;
			remoteGlobalIDString = B2CB11431DAB2FC600150D38;
			remoteInfo = CofeeServerBot;
		};
		B2CB11611DAB2FC600150D38 /* PBXContainerItemProxy */ = {
			isa = PBXContainerItemProxy;
			containerPortal = B2CB113C1DAB2FC600150D38 /* Project object */;
			proxyType = 1;
			remoteGlobalIDString = B2CB11431DAB2FC600150D38;
			remoteInfo = CofeeServerBot;
		};
/* End PBXContainerItemProxy section */

/* Begin PBXFileReference section */
		B2CB11441DAB2FC600150D38 /* CofeeServerBot.app */ = {isa = PBXFileReference; explicitFileType = wrapper.application; includeInIndex = 0; path = CofeeServerBot.app; sourceTree = BUILT_PRODUCTS_DIR; };
		B2CB11471DAB2FC600150D38 /* AppDelegate.swift */ = {isa = PBXFileReference; lastKnownFileType = sourcecode.swift; path = AppDelegate.swift; sourceTree = "<group>"; };
		B2CB11491DAB2FC600150D38 /* ViewController.swift */ = {isa = PBXFileReference; lastKnownFileType = sourcecode.swift; path = ViewController.swift; sourceTree = "<group>"; };
		B2CB114B1DAB2FC600150D38 /* Assets.xcassets */ = {isa = PBXFileReference; lastKnownFileType = folder.assetcatalog; path = Assets.xcassets; sourceTree = "<group>"; };
		B2CB114E1DAB2FC600150D38 /* Base */ = {isa = PBXFileReference; lastKnownFileType = file.storyboard; name = Base; path = Base.lproj/Main.storyboard; sourceTree = "<group>"; };
		B2CB11501DAB2FC600150D38 /* Info.plist */ = {isa = PBXFileReference; lastKnownFileType = text.plist.xml; path = Info.plist; sourceTree = "<group>"; };
		B2CB11551DAB2FC600150D38 /* CofeeServerBotTests.xctest */ = {isa = PBXFileReference; explicitFileType = wrapper.cfbundle; includeInIndex = 0; path = CofeeServerBotTests.xctest; sourceTree = BUILT_PRODUCTS_DIR; };
		B2CB11591DAB2FC600150D38 /* CofeeServerBotTests.swift */ = {isa = PBXFileReference; lastKnownFileType = sourcecode.swift; path = CofeeServerBotTests.swift; sourceTree = "<group>"; };
		B2CB115B1DAB2FC600150D38 /* Info.plist */ = {isa = PBXFileReference; lastKnownFileType = text.plist.xml; path = Info.plist; sourceTree = "<group>"; };
		B2CB11601DAB2FC600150D38 /* CofeeServerBotUITests.xctest */ = {isa = PBXFileReference; explicitFileType = wrapper.cfbundle; includeInIndex = 0; path = CofeeServerBotUITests.xctest; sourceTree = BUILT_PRODUCTS_DIR; };
		B2CB11641DAB2FC600150D38 /* CofeeServerBotUITests.swift */ = {isa = PBXFileReference; lastKnownFileType = sourcecode.swift; path = CofeeServerBotUITests.swift; sourceTree = "<group>"; };
		B2CB11661DAB2FC600150D38 /* Info.plist */ = {isa = PBXFileReference; lastKnownFileType = text.plist.xml; path = Info.plist; sourceTree = "<group>"; };
		B2CB11721DAB3D0000150D38 /* CoreBluetooth.framework */ = {isa = PBXFileReference; lastKnownFileType = wrapper.framework; name = CoreBluetooth.framework; path = System/Library/Frameworks/CoreBluetooth.framework; sourceTree = SDKROOT; };
/* End PBXFileReference section */

/* Begin PBXFrameworksBuildPhase section */
		B2CB11411DAB2FC600150D38 /* Frameworks */ = {
			isa = PBXFrameworksBuildPhase;
			buildActionMask = 2147483647;
			files = (
			);
			runOnlyForDeploymentPostprocessing = 0;
		};
		B2CB11521DAB2FC600150D38 /* Frameworks */ = {
			isa = PBXFrameworksBuildPhase;
			buildActionMask = 2147483647;
			files = (
			);
			runOnlyForDeploymentPostprocessing = 0;
		};
		B2CB115D1DAB2FC600150D38 /* Frameworks */ = {
			isa = PBXFrameworksBuildPhase;
			buildActionMask = 2147483647;
			files = (
			);
			runOnlyForDeploymentPostprocessing = 0;
		};
/* End PBXFrameworksBuildPhase section */

/* Begin PBXGroup section */
		B2CB113B1DAB2FC600150D38 = {
			isa = PBXGroup;
			children = (
				B2CB11721DAB3D0000150D38 /* CoreBluetooth.framework */,
				B2CB11461DAB2FC600150D38 /* CofeeServerBot */,
				B2CB11581DAB2FC600150D38 /* CofeeServerBotTests */,
				B2CB11631DAB2FC600150D38 /* CofeeServerBotUITests */,
				B2CB11451DAB2FC600150D38 /* Products */,
			);
			sourceTree = "<group>";
		};
		B2CB11451DAB2FC600150D38 /* Products */ = {
			isa = PBXGroup;
			children = (
				B2CB11441DAB2FC600150D38 /* CofeeServerBot.app */,
				B2CB11551DAB2FC600150D38 /* CofeeServerBotTests.xctest */,
				B2CB11601DAB2FC600150D38 /* CofeeServerBotUITests.xctest */,
			);
			name = Products;
			sourceTree = "<group>";
		};
		B2CB11461DAB2FC600150D38 /* CofeeServerBot */ = {
			isa = PBXGroup;
			children = (
				B2CB11471DAB2FC600150D38 /* AppDelegate.swift */,
				B2CB11491DAB2FC600150D38 /* ViewController.swift */,
				B2CB114B1DAB2FC600150D38 /* Assets.xcassets */,
				B2CB114D1DAB2FC600150D38 /* Main.storyboard */,
				B2CB11501DAB2FC600150D38 /* Info.plist */,
			);
			path = CofeeServerBot;
			sourceTree = "<group>";
		};
		B2CB11581DAB2FC600150D38 /* CofeeServerBotTests */ = {
			isa = PBXGroup;
			children = (
				B2CB11591DAB2FC600150D38 /* CofeeServerBotTests.swift */,
				B2CB115B1DAB2FC600150D38 /* Info.plist */,
			);
			path = CofeeServerBotTests;
			sourceTree = "<group>";
		};
		B2CB11631DAB2FC600150D38 /* CofeeServerBotUITests */ = {
			isa = PBXGroup;
			children = (
				B2CB11641DAB2FC600150D38 /* CofeeServerBotUITests.swift */,
				B2CB11661DAB2FC600150D38 /* Info.plist */,
			);
			path = CofeeServerBotUITests;
			sourceTree = "<group>";
		};
/* End PBXGroup section */

/* Begin PBXNativeTarget section */
		B2CB11431DAB2FC600150D38 /* CofeeServerBot */ = {
			isa = PBXNativeTarget;
			buildConfigurationList = B2CB11691DAB2FC600150D38 /* Build configuration list for PBXNativeTarget "CofeeServerBot" */;
			buildPhases = (
				B2CB11401DAB2FC600150D38 /* Sources */,
				B2CB11411DAB2FC600150D38 /* Frameworks */,
				B2CB11421DAB2FC600150D38 /* Resources */,
			);
			buildRules = (
			);
			dependencies = (
			);
			name = CofeeServerBot;
			productName = CofeeServerBot;
			productReference = B2CB11441DAB2FC600150D38 /* CofeeServerBot.app */;
			productType = "com.apple.product-type.application";
		};
		B2CB11541DAB2FC600150D38 /* CofeeServerBotTests */ = {
			isa = PBXNativeTarget;
			buildConfigurationList = B2CB116C1DAB2FC600150D38 /* Build configuration list for PBXNativeTarget "CofeeServerBotTests" */;
			buildPhases = (
				B2CB11511DAB2FC600150D38 /* Sources */,
				B2CB11521DAB2FC600150D38 /* Frameworks */,
				B2CB11531DAB2FC600150D38 /* Resources */,
			);
			buildRules = (
			);
			dependencies = (
				B2CB11571DAB2FC600150D38 /* PBXTargetDependency */,
			);
			name = CofeeServerBotTests;
			productName = CofeeServerBotTests;
			productReference = B2CB11551DAB2FC600150D38 /* CofeeServerBotTests.xctest */;
			productType = "com.apple.product-type.bundle.unit-test";
		};
		B2CB115F1DAB2FC600150D38 /* CofeeServerBotUITests */ = {
			isa = PBXNativeTarget;
			buildConfigurationList = B2CB116F1DAB2FC600150D38 /* Build configuration list for PBXNativeTarget "CofeeServerBotUITests" */;
			buildPhases = (
				B2CB115C1DAB2FC600150D38 /* Sources */,
				B2CB115D1DAB2FC600150D38 /* Frameworks */,
				B2CB115E1DAB2FC600150D38 /* Resources */,
			);
			buildRules = (
			);
			dependencies = (
				B2CB11621DAB2FC600150D38 /* PBXTargetDependency */,
			);
			name = CofeeServerBotUITests;
			productName = CofeeServerBotUITests;
			productReference = B2CB11601DAB2FC600150D38 /* CofeeServerBotUITests.xctest */;
			productType = "com.apple.product-type.bundle.ui-testing";
		};
/* End PBXNativeTarget section */

/* Begin PBXProject section */
		B2CB113C1DAB2FC600150D38 /* Project object */ = {
			isa = PBXProject;
			attributes = {
				LastSwiftUpdateCheck = 0730;
				LastUpgradeCheck = 0730;
				ORGANIZATIONNAME = shinyamaeda;
				TargetAttributes = {
					B2CB11431DAB2FC600150D38 = {
						CreatedOnToolsVersion = 7.3.1;
					};
					B2CB11541DAB2FC600150D38 = {
						CreatedOnToolsVersion = 7.3.1;
						TestTargetID = B2CB11431DAB2FC600150D38;
					};
					B2CB115F1DAB2FC600150D38 = {
						CreatedOnToolsVersion = 7.3.1;
						TestTargetID = B2CB11431DAB2FC600150D38;
					};
				};
			};
			buildConfigurationList = B2CB113F1DAB2FC600150D38 /* Build configuration list for PBXProject "CofeeServerBot" */;
			compatibilityVersion = "Xcode 3.2";
			developmentRegion = English;
			hasScannedForEncodings = 0;
			knownRegions = (
				en,
				Base,
			);
			mainGroup = B2CB113B1DAB2FC600150D38;
			productRefGroup = B2CB11451DAB2FC600150D38 /* Products */;
			projectDirPath = "";
			projectRoot = "";
			targets = (
				B2CB11431DAB2FC600150D38 /* CofeeServerBot */,
				B2CB11541DAB2FC600150D38 /* CofeeServerBotTests */,
				B2CB115F1DAB2FC600150D38 /* CofeeServerBotUITests */,
			);
		};
/* End PBXProject section */

/* Begin PBXResourcesBuildPhase section */
		B2CB11421DAB2FC600150D38 /* Resources */ = {
			isa = PBXResourcesBuildPhase;
			buildActionMask = 2147483647;
			files = (
				B2CB114C1DAB2FC600150D38 /* Assets.xcassets in Resources */,
				B2CB114F1DAB2FC600150D38 /* Main.storyboard in Resources */,
			);
			runOnlyForDeploymentPostprocessing = 0;
		};
		B2CB11531DAB2FC600150D38 /* Resources */ = {
			isa = PBXResourcesBuildPhase;
			buildActionMask = 2147483647;
			files = (
			);
			runOnlyForDeploymentPostprocessing = 0;
		};
		B2CB115E1DAB2FC600150D38 /* Resources */ = {
			isa = PBXResourcesBuildPhase;
			buildActionMask = 2147483647;
			files = (
			);
			runOnlyForDeploymentPostprocessing = 0;
		};
/* End PBXResourcesBuildPhase section */

/* Begin PBXSourcesBuildPhase section */
		B2CB11401DAB2FC600150D38 /* Sources */ = {
			isa = PBXSourcesBuildPhase;
			buildActionMask = 2147483647;
			files = (
				B2CB114A1DAB2FC600150D38 /* ViewController.swift in Sources */,
				B2CB11481DAB2FC600150D38 /* AppDelegate.swift in Sources */,
			);
			runOnlyForDeploymentPostprocessing = 0;
		};
		B2CB11511DAB2FC600150D38 /* Sources */ = {
			isa = PBXSourcesBuildPhase;
			buildActionMask = 2147483647;
			files = (
				B2CB115A1DAB2FC600150D38 /* CofeeServerBotTests.swift in Sources */,
			);
			runOnlyForDeploymentPostprocessing = 0;
		};
		B2CB115C1DAB2FC600150D38 /* Sources */ = {
			isa = PBXSourcesBuildPhase;
			buildActionMask = 2147483647;
			files = (
				B2CB11651DAB2FC600150D38 /* CofeeServerBotUITests.swift in Sources */,
			);
			runOnlyForDeploymentPostprocessing = 0;
		};
/* End PBXSourcesBuildPhase section */

/* Begin PBXTargetDependency section */
		B2CB11571DAB2FC600150D38 /* PBXTargetDependency */ = {
			isa = PBXTargetDependency;
			target = B2CB11431DAB2FC600150D38 /* CofeeServerBot */;
			targetProxy = B2CB11561DAB2FC600150D38 /* PBXContainerItemProxy */;
		};
		B2CB11621DAB2FC600150D38 /* PBXTargetDependency */ = {
			isa = PBXTargetDependency;
			target = B2CB11431DAB2FC600150D38 /* CofeeServerBot */;
			targetProxy = B2CB11611DAB2FC600150D38 /* PBXContainerItemProxy */;
		};
/* End PBXTargetDependency section */

/* Begin PBXVariantGroup section */
		B2CB114D1DAB2FC600150D38 /* Main.storyboard */ = {
			isa = PBXVariantGroup;
			children = (
				B2CB114E1DAB2FC600150D38 /* Base */,
			);
			name = Main.storyboard;
			sourceTree = "<group>";
		};
/* End PBXVariantGroup section */

/* Begin XCBuildConfiguration section */
		B2CB11671DAB2FC600150D38 /* Debug */ = {
			isa = XCBuildConfiguration;
			buildSettings = {
				ALWAYS_SEARCH_USER_PATHS = NO;
				CLANG_ANALYZER_NONNULL = YES;
				CLANG_CXX_LANGUAGE_STANDARD = "gnu++0x";
				CLANG_CXX_LIBRARY = "libc++";
				CLANG_ENABLE_MODULES = YES;
				CLANG_ENABLE_OBJC_ARC = YES;
				CLANG_WARN_BOOL_CONVERSION = YES;
				CLANG_WARN_CONSTANT_CONVERSION = YES;
				CLANG_WARN_DIRECT_OBJC_ISA_USAGE = YES_ERROR;
				CLANG_WARN_EMPTY_BODY = YES;
				CLANG_WARN_ENUM_CONVERSION = YES;
				CLANG_WARN_INT_CONVERSION = YES;
				CLANG_WARN_OBJC_ROOT_CLASS = YES_ERROR;
				CLANG_WARN_UNREACHABLE_CODE = YES;
				CLANG_WARN__DUPLICATE_METHOD_MATCH = YES;
				CODE_SIGN_IDENTITY = "-";
				COPY_PHASE_STRIP = NO;
				DEBUG_INFORMATION_FORMAT = dwarf;
				ENABLE_STRICT_OBJC_MSGSEND = YES;
				ENABLE_TESTABILITY = YES;
				GCC_C_LANGUAGE_STANDARD = gnu99;
				GCC_DYNAMIC_NO_PIC = NO;
				GCC_NO_COMMON_BLOCKS = YES;
				GCC_OPTIMIZATION_LEVEL = 0;
				GCC_PREPROCESSOR_DEFINITIONS = (
					"DEBUG=1",
					"$(inherited)",
				);
				GCC_WARN_64_TO_32_BIT_CONVERSION = YES;
				GCC_WARN_ABOUT_RETURN_TYPE = YES_ERROR;
				GCC_WARN_UNDECLARED_SELECTOR = YES;
				GCC_WARN_UNINITIALIZED_AUTOS = YES_AGGRESSIVE;
				GCC_WARN_UNUSED_FUNCTION = YES;
				GCC_WARN_UNUSED_VARIABLE = YES;
				MACOSX_DEPLOYMENT_TARGET = 10.11;
				MTL_ENABLE_DEBUG_INFO = YES;
				ONLY_ACTIVE_ARCH = YES;
				SDKROOT = macosx;
				SWIFT_OPTIMIZATION_LEVEL = "-Onone";
			};
			name = Debug;
		};
		B2CB11681DAB2FC600150D38 /* Release */ = {
			isa = XCBuildConfiguration;
			buildSettings = {
				ALWAYS_SEARCH_USER_PATHS = NO;
				CLANG_ANALYZER_NONNULL = YES;
				CLANG_CXX_LANGUAGE_STANDARD = "gnu++0x";
				CLANG_CXX_LIBRARY = "libc++";
				CLANG_ENABLE_MODULES = YES;
				CLANG_ENABLE_OBJC_ARC = YES;
				CLANG_WARN_BOOL_CONVERSION = YES;
				CLANG_WARN_CONSTANT_CONVERSION = YES;
				CLANG_WARN_DIRECT_OBJC_ISA_USAGE = YES_ERROR;
				CLANG_WARN_EMPTY_BODY = YES;
				CLANG_WARN_ENUM_CONVERSION = YES;
				CLANG_WARN_INT_CONVERSION = YES;
				CLANG_WARN_OBJC_ROOT_CLASS = YES_ERROR;
				CLANG_WARN_UNREACHABLE_CODE = YES;
				CLANG_WARN__DUPLICATE_METHOD_MATCH = YES;
				CODE_SIGN_IDENTITY = "-";
				COPY_PHASE_STRIP = NO;
				DEBUG_INFORMATION_FORMAT = "dwarf-with-dsym";
				ENABLE_NS_ASSERTIONS = NO;
				ENABLE_STRICT_OBJC_MSGSEND = YES;
				GCC_C_LANGUAGE_STANDARD = gnu99;
				GCC_NO_COMMON_BLOCKS = YES;
				GCC_WARN_64_TO_32_BIT_CONVERSION = YES;
				GCC_WARN_ABOUT_RETURN_TYPE = YES_ERROR;
				GCC_WARN_UNDECLARED_SELECTOR = YES;
				GCC_WARN_UNINITIALIZED_AUTOS = YES_AGGRESSIVE;
				GCC_WARN_UNUSED_FUNCTION = YES;
				GCC_WARN_UNUSED_VARIABLE = YES;
				MACOSX_DEPLOYMENT_TARGET = 10.11;
				MTL_ENABLE_DEBUG_INFO = NO;
				SDKROOT = macosx;
			};
			name = Release;
		};
		B2CB116A1DAB2FC600150D38 /* Debug */ = {
			isa = XCBuildConfiguration;
			buildSettings = {
				ASSETCATALOG_COMPILER_APPICON_NAME = AppIcon;
				COMBINE_HIDPI_IMAGES = YES;
				INFOPLIST_FILE = CofeeServerBot/Info.plist;
				LD_RUNPATH_SEARCH_PATHS = "$(inherited) @executable_path/../Frameworks";
				PRODUCT_BUNDLE_IDENTIFIER = miosys.CofeeServerBot;
				PRODUCT_NAME = "$(TARGET_NAME)";
			};
			name = Debug;
		};
		B2CB116B1DAB2FC600150D38 /* Release */ = {
			isa = XCBuildConfiguration;
			buildSettings = {
				ASSETCATALOG_COMPILER_APPICON_NAME = AppIcon;
				COMBINE_HIDPI_IMAGES = YES;
				INFOPLIST_FILE = CofeeServerBot/Info.plist;
				LD_RUNPATH_SEARCH_PATHS = "$(inherited) @executable_path/../Frameworks";
				PRODUCT_BUNDLE_IDENTIFIER = miosys.CofeeServerBot;
				PRODUCT_NAME = "$(TARGET_NAME)";
			};
			name = Release;
		};
		B2CB116D1DAB2FC600150D38 /* Debug */ = {
			isa = XCBuildConfiguration;
			buildSettings = {
				BUNDLE_LOADER = "$(TEST_HOST)";
				COMBINE_HIDPI_IMAGES = YES;
				INFOPLIST_FILE = CofeeServerBotTests/Info.plist;
				LD_RUNPATH_SEARCH_PATHS = "$(inherited) @executable_path/../Frameworks @loader_path/../Frameworks";
				PRODUCT_BUNDLE_IDENTIFIER = miosys.CofeeServerBotTests;
				PRODUCT_NAME = "$(TARGET_NAME)";
				TEST_HOST = "$(BUILT_PRODUCTS_DIR)/CofeeServerBot.app/Contents/MacOS/CofeeServerBot";
			};
			name = Debug;
		};
		B2CB116E1DAB2FC600150D38 /* Release */ = {
			isa = XCBuildConfiguration;
			buildSettings = {
				BUNDLE_LOADER = "$(TEST_HOST)";
				COMBINE_HIDPI_IMAGES = YES;
				INFOPLIST_FILE = CofeeServerBotTests/Info.plist;
				LD_RUNPATH_SEARCH_PATHS = "$(inherited) @executable_path/../Frameworks @loader_path/../Frameworks";
				PRODUCT_BUNDLE_IDENTIFIER = miosys.CofeeServerBotTests;
				PRODUCT_NAME = "$(TARGET_NAME)";
				TEST_HOST = "$(BUILT_PRODUCTS_DIR)/CofeeServerBot.app/Contents/MacOS/CofeeServerBot";
			};
			name = Release;
		};
		B2CB11701DAB2FC600150D38 /* Debug */ = {
			isa = XCBuildConfiguration;
			buildSettings = {
				COMBINE_HIDPI_IMAGES = YES;
				INFOPLIST_FILE = CofeeServerBotUITests/Info.plist;
				LD_RUNPATH_SEARCH_PATHS = "$(inherited) @executable_path/../Frameworks @loader_path/../Frameworks";
				PRODUCT_BUNDLE_IDENTIFIER = miosys.CofeeServerBotUITests;
				PRODUCT_NAME = "$(TARGET_NAME)";
				TEST_TARGET_NAME = CofeeServerBot;
			};
			name = Debug;
		};
		B2CB11711DAB2FC600150D38 /* Release */ = {
			isa = XCBuildConfiguration;
			buildSettings = {
				COMBINE_HIDPI_IMAGES = YES;
				INFOPLIST_FILE = CofeeServerBotUITests/Info.plist;
				LD_RUNPATH_SEARCH_PATHS = "$(inherited) @executable_path/../Frameworks @loader_path/../Frameworks";
				PRODUCT_BUNDLE_IDENTIFIER = miosys.CofeeServerBotUITests;
				PRODUCT_NAME = "$(TARGET_NAME)";
				TEST_TARGET_NAME = CofeeServerBot;
			};
			name = Release;
		};
/* End XCBuildConfiguration section */

/* Begin XCConfigurationList section */
		B2CB113F1DAB2FC600150D38 /* Build configuration list for PBXProject "CofeeServerBot" */ = {
			isa = XCConfigurationList;
			buildConfigurations = (
				B2CB11671DAB2FC600150D38 /* Debug */,
				B2CB11681DAB2FC600150D38 /* Release */,
			);
			defaultConfigurationIsVisible = 0;
			defaultConfigurationName = Release;
		};
		B2CB11691DAB2FC600150D38 /* Build configuration list for PBXNativeTarget "CofeeServerBot" */ = {
			isa = XCConfigurationList;
			buildConfigurations = (
				B2CB116A1DAB2FC600150D38 /* Debug */,
				B2CB116B1DAB2FC600150D38 /* Release */,
			);
			defaultConfigurationIsVisible = 0;
		};
		B2CB116C1DAB2FC600150D38 /* Build configuration list for PBXNativeTarget "CofeeServerBotTests" */ = {
			isa = XCConfigurationList;
			buildConfigurations = (
				B2CB116D1DAB2FC600150D38 /* Debug */,
				B2CB116E1DAB2FC600150D38 /* Release */,
			);
			defaultConfigurationIsVisible = 0;
		};
		B2CB116F1DAB2FC600150D38 /* Build configuration list for PBXNativeTarget "CofeeServerBotUITests" */ = {
			isa = XCConfigurationList;
			buildConfigurations = (
				B2CB11701DAB2FC600150D38 /* Debug */,
				B2CB11711DAB2FC600150D38 /* Release */,
			);
			defaultConfigurationIsVisible = 0;
		};
/* End XCConfigurationList section */
	};
	rootObject = B2CB113C1DAB2FC600150D38 /* Project object */;
}
